
Microsoft Visual Studio Solution File, Format Version 11.00
# Visual Studio 2010
Project("{F14B399A-7131-4C87-9E4B-1186C45EF12D}") = "Proyecto de informe4", "Proyecto de informe4\Proyecto de informe4.rptproj", "{171CDF3A-910F-4282-AD97-08EFEBCEAB62}"
EndProject
Global
	GlobalSection(SolutionConfigurationPlatforms) = preSolution
		Debug|Default = Debug|Default
		DebugLocal|Default = DebugLocal|Default
		Release|Default = Release|Default
	EndGlobalSection
	GlobalSection(ProjectConfigurationPlatforms) = postSolution
		{171CDF3A-910F-4282-AD97-08EFEBCEAB62}.Debug|Default.ActiveCfg = Debug
		{171CDF3A-910F-4282-AD97-08EFEBCEAB62}.Debug|Default.Build.0 = DebugLocal
		{171CDF3A-910F-4282-AD97-08EFEBCEAB62}.Debug|Default.Deploy.0 = DebugLocal
		{171CDF3A-910F-4282-AD97-08EFEBCEAB62}.DebugLocal|Default.ActiveCfg = DebugLocal
		{171CDF3A-910F-4282-AD97-08EFEBCEAB62}.DebugLocal|Default.Build.0 = DebugLocal
		{171CDF3A-910F-4282-AD97-08EFEBCEAB62}.Release|Default.ActiveCfg = Release
		{171CDF3A-910F-4282-AD97-08EFEBCEAB62}.Release|Default.Build.0 = Release
		{171CDF3A-910F-4282-AD97-08EFEBCEAB62}.Release|Default.Deploy.0 = Release
	EndGlobalSection
	GlobalSection(SolutionProperties) = preSolution
		HideSolutionNode = FALSE
	EndGlobalSection
EndGlobal
